
Microsoft Visual Studio Solution File, Format Version 12.00
# Visual Studio Version 17
VisualStudioVersion = 17.4.33213.308
MinimumVisualStudioVersion = 10.0.40219.1
Project("{2150E333-8FDC-42A3-9474-1A3956D46DE8}") = "src", "src", "{63E43D25-D6C7-4F9B-BB9C-5A9909DFB99F}"
EndProject
Project("{2150E333-8FDC-42A3-9474-1A3956D46DE8}") = "Core", "Core", "{93D877EA-2269-4412-8112-D08FA304BAC6}"
EndProject
Project("{2150E333-8FDC-42A3-9474-1A3956D46DE8}") = "Infraestructure", "Infraestructure", "{CE90EB90-245F-4E36-B613-57E9BCCC7CCC}"
EndProject
Project("{2150E333-8FDC-42A3-9474-1A3956D46DE8}") = "Presentation", "Presentation", "{96CB3F60-1297-49D4-A071-A9AC2391ACE6}"
EndProject
Project("{FAE04EC0-301F-11D3-BF4B-00C04F79EFBC}") = "Application", "Application\Application.csproj", "{160FF92F-D5FB-4C2E-9879-159917FC0187}"
EndProject
Project("{FAE04EC0-301F-11D3-BF4B-00C04F79EFBC}") = "Domain", "Domain\Domain.csproj", "{ECB672BD-C3E7-4C2A-A263-98298603CB59}"
EndProject
Project("{FAE04EC0-301F-11D3-BF4B-00C04F79EFBC}") = "Persistence", "Persistence\Persistence.csproj", "{E9064669-7A74-4163-BFDF-2BDD8986E9C2}"
EndProject
Project("{FAE04EC0-301F-11D3-BF4B-00C04F79EFBC}") = "Shared", "Shared\Shared.csproj", "{DD903ECF-5F1F-4619-AF6E-FBBDA56CA581}"
EndProject
Project("{FAE04EC0-301F-11D3-BF4B-00C04F79EFBC}") = "WebApi", "WebApi\WebApi.csproj", "{29CBD898-7E0F-4ADD-AD1A-497A860FF53F}"
EndProject
Global
	GlobalSection(SolutionConfigurationPlatforms) = preSolution
		Debug|Any CPU = Debug|Any CPU
		Release|Any CPU = Release|Any CPU
	EndGlobalSection
	GlobalSection(ProjectConfigurationPlatforms) = postSolution
		{160FF92F-D5FB-4C2E-9879-159917FC0187}.Debug|Any CPU.ActiveCfg = Debug|Any CPU
		{160FF92F-D5FB-4C2E-9879-159917FC0187}.Debug|Any CPU.Build.0 = Debug|Any CPU
		{160FF92F-D5FB-4C2E-9879-159917FC0187}.Release|Any CPU.ActiveCfg = Release|Any CPU
		{160FF92F-D5FB-4C2E-9879-159917FC0187}.Release|Any CPU.Build.0 = Release|Any CPU
		{ECB672BD-C3E7-4C2A-A263-98298603CB59}.Debug|Any CPU.ActiveCfg = Debug|Any CPU
		{ECB672BD-C3E7-4C2A-A263-98298603CB59}.Debug|Any CPU.Build.0 = Debug|Any CPU
		{ECB672BD-C3E7-4C2A-A263-98298603CB59}.Release|Any CPU.ActiveCfg = Release|Any CPU
		{ECB672BD-C3E7-4C2A-A263-98298603CB59}.Release|Any CPU.Build.0 = Release|Any CPU
		{E9064669-7A74-4163-BFDF-2BDD8986E9C2}.Debug|Any CPU.ActiveCfg = Debug|Any CPU
		{E9064669-7A74-4163-BFDF-2BDD8986E9C2}.Debug|Any CPU.Build.0 = Debug|Any CPU
		{E9064669-7A74-4163-BFDF-2BDD8986E9C2}.Release|Any CPU.ActiveCfg = Release|Any CPU
		{E9064669-7A74-4163-BFDF-2BDD8986E9C2}.Release|Any CPU.Build.0 = Release|Any CPU
		{DD903ECF-5F1F-4619-AF6E-FBBDA56CA581}.Debug|Any CPU.ActiveCfg = Debug|Any CPU
		{DD903ECF-5F1F-4619-AF6E-FBBDA56CA581}.Debug|Any CPU.Build.0 = Debug|Any CPU
		{DD903ECF-5F1F-4619-AF6E-FBBDA56CA581}.Release|Any CPU.ActiveCfg = Release|Any CPU
		{DD903ECF-5F1F-4619-AF6E-FBBDA56CA581}.Release|Any CPU.Build.0 = Release|Any CPU
		{29CBD898-7E0F-4ADD-AD1A-497A860FF53F}.Debug|Any CPU.ActiveCfg = Debug|Any CPU
		{29CBD898-7E0F-4ADD-AD1A-497A860FF53F}.Debug|Any CPU.Build.0 = Debug|Any CPU
		{29CBD898-7E0F-4ADD-AD1A-497A860FF53F}.Release|Any CPU.ActiveCfg = Release|Any CPU
		{29CBD898-7E0F-4ADD-AD1A-497A860FF53F}.Release|Any CPU.Build.0 = Release|Any CPU
	EndGlobalSection
	GlobalSection(SolutionProperties) = preSolution
		HideSolutionNode = FALSE
	EndGlobalSection
	GlobalSection(NestedProjects) = preSolution
		{93D877EA-2269-4412-8112-D08FA304BAC6} = {63E43D25-D6C7-4F9B-BB9C-5A9909DFB99F}
		{CE90EB90-245F-4E36-B613-57E9BCCC7CCC} = {63E43D25-D6C7-4F9B-BB9C-5A9909DFB99F}
		{96CB3F60-1297-49D4-A071-A9AC2391ACE6} = {63E43D25-D6C7-4F9B-BB9C-5A9909DFB99F}
		{160FF92F-D5FB-4C2E-9879-159917FC0187} = {93D877EA-2269-4412-8112-D08FA304BAC6}
		{ECB672BD-C3E7-4C2A-A263-98298603CB59} = {93D877EA-2269-4412-8112-D08FA304BAC6}
		{E9064669-7A74-4163-BFDF-2BDD8986E9C2} = {CE90EB90-245F-4E36-B613-57E9BCCC7CCC}
		{DD903ECF-5F1F-4619-AF6E-FBBDA56CA581} = {CE90EB90-245F-4E36-B613-57E9BCCC7CCC}
		{29CBD898-7E0F-4ADD-AD1A-497A860FF53F} = {96CB3F60-1297-49D4-A071-A9AC2391ACE6}
	EndGlobalSection
	GlobalSection(ExtensibilityGlobals) = postSolution
		SolutionGuid = {B9633ACE-B03C-4E32-90BE-9B8368450DAC}
	EndGlobalSection
EndGlobal
