
Microsoft Visual Studio Solution File, Format Version 12.00
# Visual Studio Version 17
VisualStudioVersion = 17.4.33213.308
MinimumVisualStudioVersion = 10.0.40219.1
Project("{2150E333-8FDC-42A3-9474-1A3956D46DE8}") = "Core", "Core", "{7CECA8C5-28D5-42B5-BA0C-C20213A13AC4}"
EndProject
Project("{2150E333-8FDC-42A3-9474-1A3956D46DE8}") = "Intraestructure", "Intraestructure", "{FDEE9878-30BC-40B5-983C-A58FB3D1B0BE}"
EndProject
Project("{2150E333-8FDC-42A3-9474-1A3956D46DE8}") = "Presentation", "Presentation", "{7535694B-739C-47B6-BEC8-92C9AD6F754C}"
EndProject
Project("{FAE04EC0-301F-11D3-BF4B-00C04F79EFBC}") = "Application", "Application\Application.csproj", "{9FA1B8CA-5701-47C3-9469-0CA52A1F40F9}"
EndProject
Project("{FAE04EC0-301F-11D3-BF4B-00C04F79EFBC}") = "Domain", "Domain\Domain.csproj", "{4942DF52-0E8F-4116-BE8C-AC80B05289B4}"
EndProject
Project("{FAE04EC0-301F-11D3-BF4B-00C04F79EFBC}") = "Persistance", "Persistance\Persistance.csproj", "{A5B448BB-B128-4A3F-A1BD-DB0F1B6C831E}"
EndProject
Project("{FAE04EC0-301F-11D3-BF4B-00C04F79EFBC}") = "Shared", "Shared\Shared.csproj", "{607A41B9-88E7-4F2E-A4C7-39528D447810}"
EndProject
Project("{FAE04EC0-301F-11D3-BF4B-00C04F79EFBC}") = "WebAPI", "webAPI\WebAPI.csproj", "{0C947C1D-EB34-481E-BF08-844647055D99}"
EndProject
Project("{2150E333-8FDC-42A3-9474-1A3956D46DE8}") = "src", "src", "{19D90C38-268A-4439-A7F1-0CB89E69492A}"
EndProject
Global
	GlobalSection(SolutionConfigurationPlatforms) = preSolution
		Debug|Any CPU = Debug|Any CPU
		Release|Any CPU = Release|Any CPU
	EndGlobalSection
	GlobalSection(ProjectConfigurationPlatforms) = postSolution
		{9FA1B8CA-5701-47C3-9469-0CA52A1F40F9}.Debug|Any CPU.ActiveCfg = Debug|Any CPU
		{9FA1B8CA-5701-47C3-9469-0CA52A1F40F9}.Debug|Any CPU.Build.0 = Debug|Any CPU
		{9FA1B8CA-5701-47C3-9469-0CA52A1F40F9}.Release|Any CPU.ActiveCfg = Release|Any CPU
		{9FA1B8CA-5701-47C3-9469-0CA52A1F40F9}.Release|Any CPU.Build.0 = Release|Any CPU
		{4942DF52-0E8F-4116-BE8C-AC80B05289B4}.Debug|Any CPU.ActiveCfg = Debug|Any CPU
		{4942DF52-0E8F-4116-BE8C-AC80B05289B4}.Debug|Any CPU.Build.0 = Debug|Any CPU
		{4942DF52-0E8F-4116-BE8C-AC80B05289B4}.Release|Any CPU.ActiveCfg = Release|Any CPU
		{4942DF52-0E8F-4116-BE8C-AC80B05289B4}.Release|Any CPU.Build.0 = Release|Any CPU
		{A5B448BB-B128-4A3F-A1BD-DB0F1B6C831E}.Debug|Any CPU.ActiveCfg = Debug|Any CPU
		{A5B448BB-B128-4A3F-A1BD-DB0F1B6C831E}.Debug|Any CPU.Build.0 = Debug|Any CPU
		{A5B448BB-B128-4A3F-A1BD-DB0F1B6C831E}.Release|Any CPU.ActiveCfg = Release|Any CPU
		{A5B448BB-B128-4A3F-A1BD-DB0F1B6C831E}.Release|Any CPU.Build.0 = Release|Any CPU
		{607A41B9-88E7-4F2E-A4C7-39528D447810}.Debug|Any CPU.ActiveCfg = Debug|Any CPU
		{607A41B9-88E7-4F2E-A4C7-39528D447810}.Debug|Any CPU.Build.0 = Debug|Any CPU
		{607A41B9-88E7-4F2E-A4C7-39528D447810}.Release|Any CPU.ActiveCfg = Release|Any CPU
		{607A41B9-88E7-4F2E-A4C7-39528D447810}.Release|Any CPU.Build.0 = Release|Any CPU
		{0C947C1D-EB34-481E-BF08-844647055D99}.Debug|Any CPU.ActiveCfg = Debug|Any CPU
		{0C947C1D-EB34-481E-BF08-844647055D99}.Debug|Any CPU.Build.0 = Debug|Any CPU
		{0C947C1D-EB34-481E-BF08-844647055D99}.Release|Any CPU.ActiveCfg = Release|Any CPU
		{0C947C1D-EB34-481E-BF08-844647055D99}.Release|Any CPU.Build.0 = Release|Any CPU
	EndGlobalSection
	GlobalSection(SolutionProperties) = preSolution
		HideSolutionNode = FALSE
	EndGlobalSection
	GlobalSection(NestedProjects) = preSolution
		{7CECA8C5-28D5-42B5-BA0C-C20213A13AC4} = {19D90C38-268A-4439-A7F1-0CB89E69492A}
		{FDEE9878-30BC-40B5-983C-A58FB3D1B0BE} = {19D90C38-268A-4439-A7F1-0CB89E69492A}
		{7535694B-739C-47B6-BEC8-92C9AD6F754C} = {19D90C38-268A-4439-A7F1-0CB89E69492A}
		{9FA1B8CA-5701-47C3-9469-0CA52A1F40F9} = {7CECA8C5-28D5-42B5-BA0C-C20213A13AC4}
		{4942DF52-0E8F-4116-BE8C-AC80B05289B4} = {7CECA8C5-28D5-42B5-BA0C-C20213A13AC4}
		{A5B448BB-B128-4A3F-A1BD-DB0F1B6C831E} = {FDEE9878-30BC-40B5-983C-A58FB3D1B0BE}
		{607A41B9-88E7-4F2E-A4C7-39528D447810} = {FDEE9878-30BC-40B5-983C-A58FB3D1B0BE}
		{0C947C1D-EB34-481E-BF08-844647055D99} = {7535694B-739C-47B6-BEC8-92C9AD6F754C}
	EndGlobalSection
	GlobalSection(ExtensibilityGlobals) = postSolution
		SolutionGuid = {7C55E083-C669-4D42-8F87-AB6D970DA1E4}
	EndGlobalSection
EndGlobal
