
Microsoft Visual Studio Solution File, Format Version 12.00
# Visual Studio Version 17
VisualStudioVersion = 17.5.33502.453
MinimumVisualStudioVersion = 10.0.40219.1
Project("{2150E333-8FDC-42A3-9474-1A3956D46DE8}") = "src", "src", "{84FE4888-5083-4289-9502-F64F801B2C48}"
EndProject
Project("{2150E333-8FDC-42A3-9474-1A3956D46DE8}") = "Core", "Core", "{E75AEA76-408A-4715-9AF6-C1FA03681C11}"
EndProject
Project("{2150E333-8FDC-42A3-9474-1A3956D46DE8}") = "Infraestructure", "Infraestructure", "{516CFAA1-4B2A-40BF-BEED-DF0DCF00584E}"
EndProject
Project("{2150E333-8FDC-42A3-9474-1A3956D46DE8}") = "Presentation", "Presentation", "{AC54163B-5573-475C-A14D-D716E4056C8F}"
EndProject
Project("{FAE04EC0-301F-11D3-BF4B-00C04F79EFBC}") = "Application", "Application\Application.csproj", "{30749ADC-0F73-4108-B06B-77F1298CB962}"
EndProject
Project("{FAE04EC0-301F-11D3-BF4B-00C04F79EFBC}") = "Domain", "Domain\Domain.csproj", "{AD190072-D65B-42C7-B89E-0198DFB6BD7F}"
EndProject
Project("{FAE04EC0-301F-11D3-BF4B-00C04F79EFBC}") = "Persistence", "Persistence\Persistence.csproj", "{666F4FFB-3481-45C0-BB3E-CBF23C4179EF}"
EndProject
Project("{FAE04EC0-301F-11D3-BF4B-00C04F79EFBC}") = "Shared", "Shared\Shared.csproj", "{A44F8D1E-105C-45CF-BC90-A1F51398ECC8}"
EndProject
Project("{FAE04EC0-301F-11D3-BF4B-00C04F79EFBC}") = "WebAPI", "WebAPI\WebAPI.csproj", "{23B95289-FB41-44ED-9DA5-CD2F1E1EC078}"
EndProject
Global
	GlobalSection(SolutionConfigurationPlatforms) = preSolution
		Debug|Any CPU = Debug|Any CPU
		Release|Any CPU = Release|Any CPU
	EndGlobalSection
	GlobalSection(ProjectConfigurationPlatforms) = postSolution
		{30749ADC-0F73-4108-B06B-77F1298CB962}.Debug|Any CPU.ActiveCfg = Debug|Any CPU
		{30749ADC-0F73-4108-B06B-77F1298CB962}.Debug|Any CPU.Build.0 = Debug|Any CPU
		{30749ADC-0F73-4108-B06B-77F1298CB962}.Release|Any CPU.ActiveCfg = Release|Any CPU
		{30749ADC-0F73-4108-B06B-77F1298CB962}.Release|Any CPU.Build.0 = Release|Any CPU
		{AD190072-D65B-42C7-B89E-0198DFB6BD7F}.Debug|Any CPU.ActiveCfg = Debug|Any CPU
		{AD190072-D65B-42C7-B89E-0198DFB6BD7F}.Debug|Any CPU.Build.0 = Debug|Any CPU
		{AD190072-D65B-42C7-B89E-0198DFB6BD7F}.Release|Any CPU.ActiveCfg = Release|Any CPU
		{AD190072-D65B-42C7-B89E-0198DFB6BD7F}.Release|Any CPU.Build.0 = Release|Any CPU
		{666F4FFB-3481-45C0-BB3E-CBF23C4179EF}.Debug|Any CPU.ActiveCfg = Debug|Any CPU
		{666F4FFB-3481-45C0-BB3E-CBF23C4179EF}.Debug|Any CPU.Build.0 = Debug|Any CPU
		{666F4FFB-3481-45C0-BB3E-CBF23C4179EF}.Release|Any CPU.ActiveCfg = Release|Any CPU
		{666F4FFB-3481-45C0-BB3E-CBF23C4179EF}.Release|Any CPU.Build.0 = Release|Any CPU
		{A44F8D1E-105C-45CF-BC90-A1F51398ECC8}.Debug|Any CPU.ActiveCfg = Debug|Any CPU
		{A44F8D1E-105C-45CF-BC90-A1F51398ECC8}.Debug|Any CPU.Build.0 = Debug|Any CPU
		{A44F8D1E-105C-45CF-BC90-A1F51398ECC8}.Release|Any CPU.ActiveCfg = Release|Any CPU
		{A44F8D1E-105C-45CF-BC90-A1F51398ECC8}.Release|Any CPU.Build.0 = Release|Any CPU
		{23B95289-FB41-44ED-9DA5-CD2F1E1EC078}.Debug|Any CPU.ActiveCfg = Debug|Any CPU
		{23B95289-FB41-44ED-9DA5-CD2F1E1EC078}.Debug|Any CPU.Build.0 = Debug|Any CPU
		{23B95289-FB41-44ED-9DA5-CD2F1E1EC078}.Release|Any CPU.ActiveCfg = Release|Any CPU
		{23B95289-FB41-44ED-9DA5-CD2F1E1EC078}.Release|Any CPU.Build.0 = Release|Any CPU
	EndGlobalSection
	GlobalSection(SolutionProperties) = preSolution
		HideSolutionNode = FALSE
	EndGlobalSection
	GlobalSection(NestedProjects) = preSolution
		{E75AEA76-408A-4715-9AF6-C1FA03681C11} = {84FE4888-5083-4289-9502-F64F801B2C48}
		{516CFAA1-4B2A-40BF-BEED-DF0DCF00584E} = {84FE4888-5083-4289-9502-F64F801B2C48}
		{AC54163B-5573-475C-A14D-D716E4056C8F} = {84FE4888-5083-4289-9502-F64F801B2C48}
		{30749ADC-0F73-4108-B06B-77F1298CB962} = {E75AEA76-408A-4715-9AF6-C1FA03681C11}
		{AD190072-D65B-42C7-B89E-0198DFB6BD7F} = {E75AEA76-408A-4715-9AF6-C1FA03681C11}
		{666F4FFB-3481-45C0-BB3E-CBF23C4179EF} = {516CFAA1-4B2A-40BF-BEED-DF0DCF00584E}
		{A44F8D1E-105C-45CF-BC90-A1F51398ECC8} = {516CFAA1-4B2A-40BF-BEED-DF0DCF00584E}
		{23B95289-FB41-44ED-9DA5-CD2F1E1EC078} = {AC54163B-5573-475C-A14D-D716E4056C8F}
	EndGlobalSection
	GlobalSection(ExtensibilityGlobals) = postSolution
		SolutionGuid = {E3C1CC3A-A307-43C4-95A1-E4C824AE117D}
	EndGlobalSection
EndGlobal
